
Microsoft Visual Studio Solution File, Format Version 12.00
# Visual Studio Version 17
VisualStudioVersion = 17.8.34309.116
MinimumVisualStudioVersion = 10.0.40219.1
Project("{9A19103F-16F7-4668-BE54-9A1E7A4F7556}") = "BRC_OLED", "Source\BRC_OLED.csproj", "{04464328-3D99-41E6-8085-C71AB1540360}"
EndProject
Global
	GlobalSection(SolutionConfigurationPlatforms) = preSolution
		Debug|Any CPU = Debug|Any CPU
		Release|Any CPU = Release|Any CPU
	EndGlobalSection
	GlobalSection(ProjectConfigurationPlatforms) = postSolution
		{04464328-3D99-41E6-8085-C71AB1540360}.Debug|Any CPU.ActiveCfg = Debug|Any CPU
		{04464328-3D99-41E6-8085-C71AB1540360}.Debug|Any CPU.Build.0 = Debug|Any CPU
		{04464328-3D99-41E6-8085-C71AB1540360}.Release|Any CPU.ActiveCfg = Release|Any CPU
		{04464328-3D99-41E6-8085-C71AB1540360}.Release|Any CPU.Build.0 = Release|Any CPU
	EndGlobalSection
	GlobalSection(SolutionProperties) = preSolution
		HideSolutionNode = FALSE
	EndGlobalSection
	GlobalSection(ExtensibilityGlobals) = postSolution
		SolutionGuid = {CAD59F49-1278-4F38-BE67-B019427AA2F4}
	EndGlobalSection
EndGlobal
